
Microsoft Visual Studio Solution File, Format Version 12.00
# Visual Studio 15
VisualStudioVersion = 15.0.26228.9
MinimumVisualStudioVersion = 10.0.40219.1
Project("{9A19103F-16F7-4668-BE54-9A1E7A4F7556}") = "L.Web", "L.Web\L.Web.csproj", "{C40BEE84-1621-45E6-823F-EBA6A91F89A2}"
EndProject
Project("{9A19103F-16F7-4668-BE54-9A1E7A4F7556}") = "L.EntityFramework", "L.EntityFramework\L.EntityFramework.csproj", "{940B406B-5C96-4CF6-942A-EFA9E55A78F0}"
EndProject
Project("{9A19103F-16F7-4668-BE54-9A1E7A4F7556}") = "L.Application", "L.Application\L.Application.csproj", "{AEB7D675-F410-4BA7-951B-7445F50CF8C6}"
EndProject
Project("{9A19103F-16F7-4668-BE54-9A1E7A4F7556}") = "L.LCore", "L.LCore\L.LCore.csproj", "{05D9218B-D4D3-4E5B-9D97-BBD27DC3C5C5}"
EndProject
Project("{FAE04EC0-301F-11D3-BF4B-00C04F79EFBC}") = "L.Dapper", "L.Dapper\L.Dapper.csproj", "{2A94D997-197A-40DD-8BC5-7E9CFBAB85D8}"
EndProject
Project("{FAE04EC0-301F-11D3-BF4B-00C04F79EFBC}") = "L.HangFire", "L.HangFire\L.HangFire.csproj", "{7AF39997-2BB3-4E7F-8B8F-F3CD5618CCB0}"
EndProject
Project("{FAE04EC0-301F-11D3-BF4B-00C04F79EFBC}") = "L.SpiderCore", "L.SpiderCore\L.SpiderCore.csproj", "{EB6E8B4B-77E5-4928-9637-AECFD6FF3FF0}"
EndProject
Global
	GlobalSection(SolutionConfigurationPlatforms) = preSolution
		Debug|Any CPU = Debug|Any CPU
		Release|Any CPU = Release|Any CPU
	EndGlobalSection
	GlobalSection(ProjectConfigurationPlatforms) = postSolution
		{C40BEE84-1621-45E6-823F-EBA6A91F89A2}.Debug|Any CPU.ActiveCfg = Debug|Any CPU
		{C40BEE84-1621-45E6-823F-EBA6A91F89A2}.Debug|Any CPU.Build.0 = Debug|Any CPU
		{C40BEE84-1621-45E6-823F-EBA6A91F89A2}.Release|Any CPU.ActiveCfg = Release|Any CPU
		{C40BEE84-1621-45E6-823F-EBA6A91F89A2}.Release|Any CPU.Build.0 = Release|Any CPU
		{940B406B-5C96-4CF6-942A-EFA9E55A78F0}.Debug|Any CPU.ActiveCfg = Debug|Any CPU
		{940B406B-5C96-4CF6-942A-EFA9E55A78F0}.Debug|Any CPU.Build.0 = Debug|Any CPU
		{940B406B-5C96-4CF6-942A-EFA9E55A78F0}.Release|Any CPU.ActiveCfg = Release|Any CPU
		{940B406B-5C96-4CF6-942A-EFA9E55A78F0}.Release|Any CPU.Build.0 = Release|Any CPU
		{AEB7D675-F410-4BA7-951B-7445F50CF8C6}.Debug|Any CPU.ActiveCfg = Debug|Any CPU
		{AEB7D675-F410-4BA7-951B-7445F50CF8C6}.Debug|Any CPU.Build.0 = Debug|Any CPU
		{AEB7D675-F410-4BA7-951B-7445F50CF8C6}.Release|Any CPU.ActiveCfg = Release|Any CPU
		{AEB7D675-F410-4BA7-951B-7445F50CF8C6}.Release|Any CPU.Build.0 = Release|Any CPU
		{05D9218B-D4D3-4E5B-9D97-BBD27DC3C5C5}.Debug|Any CPU.ActiveCfg = Debug|Any CPU
		{05D9218B-D4D3-4E5B-9D97-BBD27DC3C5C5}.Debug|Any CPU.Build.0 = Debug|Any CPU
		{05D9218B-D4D3-4E5B-9D97-BBD27DC3C5C5}.Release|Any CPU.ActiveCfg = Release|Any CPU
		{05D9218B-D4D3-4E5B-9D97-BBD27DC3C5C5}.Release|Any CPU.Build.0 = Release|Any CPU
		{2A94D997-197A-40DD-8BC5-7E9CFBAB85D8}.Debug|Any CPU.ActiveCfg = Debug|Any CPU
		{2A94D997-197A-40DD-8BC5-7E9CFBAB85D8}.Debug|Any CPU.Build.0 = Debug|Any CPU
		{2A94D997-197A-40DD-8BC5-7E9CFBAB85D8}.Release|Any CPU.ActiveCfg = Release|Any CPU
		{2A94D997-197A-40DD-8BC5-7E9CFBAB85D8}.Release|Any CPU.Build.0 = Release|Any CPU
		{7AF39997-2BB3-4E7F-8B8F-F3CD5618CCB0}.Debug|Any CPU.ActiveCfg = Debug|Any CPU
		{7AF39997-2BB3-4E7F-8B8F-F3CD5618CCB0}.Debug|Any CPU.Build.0 = Debug|Any CPU
		{7AF39997-2BB3-4E7F-8B8F-F3CD5618CCB0}.Release|Any CPU.ActiveCfg = Release|Any CPU
		{7AF39997-2BB3-4E7F-8B8F-F3CD5618CCB0}.Release|Any CPU.Build.0 = Release|Any CPU
		{EB6E8B4B-77E5-4928-9637-AECFD6FF3FF0}.Debug|Any CPU.ActiveCfg = Debug|Any CPU
		{EB6E8B4B-77E5-4928-9637-AECFD6FF3FF0}.Debug|Any CPU.Build.0 = Debug|Any CPU
		{EB6E8B4B-77E5-4928-9637-AECFD6FF3FF0}.Release|Any CPU.ActiveCfg = Release|Any CPU
		{EB6E8B4B-77E5-4928-9637-AECFD6FF3FF0}.Release|Any CPU.Build.0 = Release|Any CPU
	EndGlobalSection
	GlobalSection(SolutionProperties) = preSolution
		HideSolutionNode = FALSE
	EndGlobalSection
EndGlobal
