
Microsoft Visual Studio Solution File, Format Version 12.00
# Visual Studio 15
VisualStudioVersion = 15.0.27004.2008
MinimumVisualStudioVersion = 10.0.40219.1
Project("{9A19103F-16F7-4668-BE54-9A1E7A4F7556}") = "L.Web", "L.Web\L.Web.csproj", "{E2E87CFB-5432-4BAB-B3FA-3F488861AB39}"
EndProject
Project("{9A19103F-16F7-4668-BE54-9A1E7A4F7556}") = "L.Application", "L.Application\L.Application.csproj", "{003F6A71-4A09-46A5-AD20-18F8DB42C4DE}"
EndProject
Project("{9A19103F-16F7-4668-BE54-9A1E7A4F7556}") = "L.Dapper.AspNetCore", "L.Dapper\L.Dapper.AspNetCore.csproj", "{DBCAE00A-3B98-483D-87F3-8DAA0E085645}"
EndProject
Project("{9A19103F-16F7-4668-BE54-9A1E7A4F7556}") = "L.EntityFramework", "L.EntityFramework\L.EntityFramework.csproj", "{47CECE4F-BCBA-4C6C-AAC8-745CD0974DA7}"
EndProject
Project("{9A19103F-16F7-4668-BE54-9A1E7A4F7556}") = "L.LCore", "L.LCore\L.LCore.csproj", "{9CFED898-DBBF-4544-84D7-B423D5A9DF74}"
EndProject
Project("{9A19103F-16F7-4668-BE54-9A1E7A4F7556}") = "L.Domain", "L.Domain\L.Domain.csproj", "{82B144D9-64AE-48E9-B4B8-EFFB37B5AE08}"
EndProject
Project("{2150E333-8FDC-42A3-9474-1A3956D46DE8}") = "SolutonComponent", "SolutonComponent", "{0955B38B-32F0-495D-8071-464450169EFC}"
EndProject
Project("{FAE04EC0-301F-11D3-BF4B-00C04F79EFBC}") = "L.WebT", "L.WebT\L.WebT.csproj", "{8C524E9B-F14B-4CE2-A073-EA9DAB9B398A}"
EndProject
Project("{9A19103F-16F7-4668-BE54-9A1E7A4F7556}") = "L.Web.API", "L.Web.API\L.Web.API.csproj", "{A222D071-F94F-4707-B492-0CB3B669CF86}"
EndProject
Global
	GlobalSection(SolutionConfigurationPlatforms) = preSolution
		Debug|Any CPU = Debug|Any CPU
		Release|Any CPU = Release|Any CPU
	EndGlobalSection
	GlobalSection(ProjectConfigurationPlatforms) = postSolution
		{E2E87CFB-5432-4BAB-B3FA-3F488861AB39}.Debug|Any CPU.ActiveCfg = Debug|Any CPU
		{E2E87CFB-5432-4BAB-B3FA-3F488861AB39}.Debug|Any CPU.Build.0 = Debug|Any CPU
		{E2E87CFB-5432-4BAB-B3FA-3F488861AB39}.Release|Any CPU.ActiveCfg = Release|Any CPU
		{E2E87CFB-5432-4BAB-B3FA-3F488861AB39}.Release|Any CPU.Build.0 = Release|Any CPU
		{003F6A71-4A09-46A5-AD20-18F8DB42C4DE}.Debug|Any CPU.ActiveCfg = Debug|Any CPU
		{003F6A71-4A09-46A5-AD20-18F8DB42C4DE}.Debug|Any CPU.Build.0 = Debug|Any CPU
		{003F6A71-4A09-46A5-AD20-18F8DB42C4DE}.Release|Any CPU.ActiveCfg = Release|Any CPU
		{003F6A71-4A09-46A5-AD20-18F8DB42C4DE}.Release|Any CPU.Build.0 = Release|Any CPU
		{DBCAE00A-3B98-483D-87F3-8DAA0E085645}.Debug|Any CPU.ActiveCfg = Debug|Any CPU
		{DBCAE00A-3B98-483D-87F3-8DAA0E085645}.Debug|Any CPU.Build.0 = Debug|Any CPU
		{DBCAE00A-3B98-483D-87F3-8DAA0E085645}.Release|Any CPU.ActiveCfg = Release|Any CPU
		{DBCAE00A-3B98-483D-87F3-8DAA0E085645}.Release|Any CPU.Build.0 = Release|Any CPU
		{47CECE4F-BCBA-4C6C-AAC8-745CD0974DA7}.Debug|Any CPU.ActiveCfg = Debug|Any CPU
		{47CECE4F-BCBA-4C6C-AAC8-745CD0974DA7}.Debug|Any CPU.Build.0 = Debug|Any CPU
		{47CECE4F-BCBA-4C6C-AAC8-745CD0974DA7}.Release|Any CPU.ActiveCfg = Release|Any CPU
		{47CECE4F-BCBA-4C6C-AAC8-745CD0974DA7}.Release|Any CPU.Build.0 = Release|Any CPU
		{9CFED898-DBBF-4544-84D7-B423D5A9DF74}.Debug|Any CPU.ActiveCfg = Debug|Any CPU
		{9CFED898-DBBF-4544-84D7-B423D5A9DF74}.Debug|Any CPU.Build.0 = Debug|Any CPU
		{9CFED898-DBBF-4544-84D7-B423D5A9DF74}.Release|Any CPU.ActiveCfg = Release|Any CPU
		{9CFED898-DBBF-4544-84D7-B423D5A9DF74}.Release|Any CPU.Build.0 = Release|Any CPU
		{82B144D9-64AE-48E9-B4B8-EFFB37B5AE08}.Debug|Any CPU.ActiveCfg = Debug|Any CPU
		{82B144D9-64AE-48E9-B4B8-EFFB37B5AE08}.Debug|Any CPU.Build.0 = Debug|Any CPU
		{82B144D9-64AE-48E9-B4B8-EFFB37B5AE08}.Release|Any CPU.ActiveCfg = Release|Any CPU
		{82B144D9-64AE-48E9-B4B8-EFFB37B5AE08}.Release|Any CPU.Build.0 = Release|Any CPU
		{8C524E9B-F14B-4CE2-A073-EA9DAB9B398A}.Debug|Any CPU.ActiveCfg = Debug|Any CPU
		{8C524E9B-F14B-4CE2-A073-EA9DAB9B398A}.Debug|Any CPU.Build.0 = Debug|Any CPU
		{8C524E9B-F14B-4CE2-A073-EA9DAB9B398A}.Release|Any CPU.ActiveCfg = Release|Any CPU
		{8C524E9B-F14B-4CE2-A073-EA9DAB9B398A}.Release|Any CPU.Build.0 = Release|Any CPU
		{A222D071-F94F-4707-B492-0CB3B669CF86}.Debug|Any CPU.ActiveCfg = Debug|Any CPU
		{A222D071-F94F-4707-B492-0CB3B669CF86}.Debug|Any CPU.Build.0 = Debug|Any CPU
		{A222D071-F94F-4707-B492-0CB3B669CF86}.Release|Any CPU.ActiveCfg = Release|Any CPU
		{A222D071-F94F-4707-B492-0CB3B669CF86}.Release|Any CPU.Build.0 = Release|Any CPU
	EndGlobalSection
	GlobalSection(SolutionProperties) = preSolution
		HideSolutionNode = FALSE
	EndGlobalSection
	GlobalSection(NestedProjects) = preSolution
		{DBCAE00A-3B98-483D-87F3-8DAA0E085645} = {0955B38B-32F0-495D-8071-464450169EFC}
		{9CFED898-DBBF-4544-84D7-B423D5A9DF74} = {0955B38B-32F0-495D-8071-464450169EFC}
	EndGlobalSection
	GlobalSection(ExtensibilityGlobals) = postSolution
		SolutionGuid = {75971763-AC03-4C3D-993C-CC78C4FB68C7}
	EndGlobalSection
	GlobalSection(Performance) = preSolution
		HasPerformanceSessions = true
	EndGlobalSection
EndGlobal
