
Microsoft Visual Studio Solution File, Format Version 12.00
# Visual Studio 15
VisualStudioVersion = 15.0.26724.1
MinimumVisualStudioVersion = 10.0.40219.1
Project("{FAE04EC0-301F-11D3-BF4B-00C04F79EFBC}") = "L.Web", "L.Web\L.Web.csproj", "{E2E87CFB-5432-4BAB-B3FA-3F488861AB39}"
EndProject
Project("{FAE04EC0-301F-11D3-BF4B-00C04F79EFBC}") = "L.Application", "L.Application\L.Application.csproj", "{003F6A71-4A09-46A5-AD20-18F8DB42C4DE}"
EndProject
Project("{FAE04EC0-301F-11D3-BF4B-00C04F79EFBC}") = "L.Dapper", "L.Dapper\L.Dapper.csproj", "{DBCAE00A-3B98-483D-87F3-8DAA0E085645}"
EndProject
Project("{FAE04EC0-301F-11D3-BF4B-00C04F79EFBC}") = "L.EntityFramework", "L.EntityFramework\L.EntityFramework.csproj", "{47CECE4F-BCBA-4C6C-AAC8-745CD0974DA7}"
EndProject
Project("{FAE04EC0-301F-11D3-BF4B-00C04F79EFBC}") = "L.HangFire", "L.HangFire\L.HangFire.csproj", "{4DE7A270-0144-42C2-A316-2AB78FAC3A34}"
EndProject
Project("{FAE04EC0-301F-11D3-BF4B-00C04F79EFBC}") = "L.LCore", "L.LCore\L.LCore.csproj", "{9CFED898-DBBF-4544-84D7-B423D5A9DF74}"
EndProject
Project("{FAE04EC0-301F-11D3-BF4B-00C04F79EFBC}") = "L.SpiderCore", "L.SpiderCore\L.SpiderCore.csproj", "{D502153B-7F1D-4AED-8BB1-17AB47D55CED}"
EndProject
Global
	GlobalSection(SolutionConfigurationPlatforms) = preSolution
		Debug|Any CPU = Debug|Any CPU
		Release|Any CPU = Release|Any CPU
	EndGlobalSection
	GlobalSection(ProjectConfigurationPlatforms) = postSolution
		{E2E87CFB-5432-4BAB-B3FA-3F488861AB39}.Debug|Any CPU.ActiveCfg = Debug|Any CPU
		{E2E87CFB-5432-4BAB-B3FA-3F488861AB39}.Debug|Any CPU.Build.0 = Debug|Any CPU
		{E2E87CFB-5432-4BAB-B3FA-3F488861AB39}.Release|Any CPU.ActiveCfg = Release|Any CPU
		{E2E87CFB-5432-4BAB-B3FA-3F488861AB39}.Release|Any CPU.Build.0 = Release|Any CPU
		{003F6A71-4A09-46A5-AD20-18F8DB42C4DE}.Debug|Any CPU.ActiveCfg = Debug|Any CPU
		{003F6A71-4A09-46A5-AD20-18F8DB42C4DE}.Debug|Any CPU.Build.0 = Debug|Any CPU
		{003F6A71-4A09-46A5-AD20-18F8DB42C4DE}.Release|Any CPU.ActiveCfg = Release|Any CPU
		{003F6A71-4A09-46A5-AD20-18F8DB42C4DE}.Release|Any CPU.Build.0 = Release|Any CPU
		{DBCAE00A-3B98-483D-87F3-8DAA0E085645}.Debug|Any CPU.ActiveCfg = Debug|Any CPU
		{DBCAE00A-3B98-483D-87F3-8DAA0E085645}.Debug|Any CPU.Build.0 = Debug|Any CPU
		{DBCAE00A-3B98-483D-87F3-8DAA0E085645}.Release|Any CPU.ActiveCfg = Release|Any CPU
		{DBCAE00A-3B98-483D-87F3-8DAA0E085645}.Release|Any CPU.Build.0 = Release|Any CPU
		{47CECE4F-BCBA-4C6C-AAC8-745CD0974DA7}.Debug|Any CPU.ActiveCfg = Debug|Any CPU
		{47CECE4F-BCBA-4C6C-AAC8-745CD0974DA7}.Debug|Any CPU.Build.0 = Debug|Any CPU
		{47CECE4F-BCBA-4C6C-AAC8-745CD0974DA7}.Release|Any CPU.ActiveCfg = Release|Any CPU
		{47CECE4F-BCBA-4C6C-AAC8-745CD0974DA7}.Release|Any CPU.Build.0 = Release|Any CPU
		{4DE7A270-0144-42C2-A316-2AB78FAC3A34}.Debug|Any CPU.ActiveCfg = Debug|Any CPU
		{4DE7A270-0144-42C2-A316-2AB78FAC3A34}.Debug|Any CPU.Build.0 = Debug|Any CPU
		{4DE7A270-0144-42C2-A316-2AB78FAC3A34}.Release|Any CPU.ActiveCfg = Release|Any CPU
		{4DE7A270-0144-42C2-A316-2AB78FAC3A34}.Release|Any CPU.Build.0 = Release|Any CPU
		{9CFED898-DBBF-4544-84D7-B423D5A9DF74}.Debug|Any CPU.ActiveCfg = Debug|Any CPU
		{9CFED898-DBBF-4544-84D7-B423D5A9DF74}.Debug|Any CPU.Build.0 = Debug|Any CPU
		{9CFED898-DBBF-4544-84D7-B423D5A9DF74}.Release|Any CPU.ActiveCfg = Release|Any CPU
		{9CFED898-DBBF-4544-84D7-B423D5A9DF74}.Release|Any CPU.Build.0 = Release|Any CPU
		{D502153B-7F1D-4AED-8BB1-17AB47D55CED}.Debug|Any CPU.ActiveCfg = Debug|Any CPU
		{D502153B-7F1D-4AED-8BB1-17AB47D55CED}.Debug|Any CPU.Build.0 = Debug|Any CPU
		{D502153B-7F1D-4AED-8BB1-17AB47D55CED}.Release|Any CPU.ActiveCfg = Release|Any CPU
		{D502153B-7F1D-4AED-8BB1-17AB47D55CED}.Release|Any CPU.Build.0 = Release|Any CPU
	EndGlobalSection
	GlobalSection(SolutionProperties) = preSolution
		HideSolutionNode = FALSE
	EndGlobalSection
	GlobalSection(ExtensibilityGlobals) = postSolution
		SolutionGuid = {75971763-AC03-4C3D-993C-CC78C4FB68C7}
	EndGlobalSection
EndGlobal
